<?xml version="1.0" encoding="UTF-8"?>
<CONFIG>
  <ProjectOptions>
    <Version Value="9"/>
    <PathDelim Value="\"/>
    <General>
      <SessionStorage Value="InProjectDir"/>
      <MainUnit Value="0"/>
      <Title Value="Emis software"/>
      <ResourceType Value="res"/>
      <UseXPManifest Value="True"/>
      <Icon Value="0"/>
    </General>
    <i18n>
      <EnableI18N LFM="False"/>
    </i18n>
    <VersionInfo>
      <UseVersionInfo Value="True"/>
      <AutoIncrementBuild Value="True"/>
      <MajorVersionNr Value="5"/>
      <MinorVersionNr Value="3"/>
      <RevisionNr Value="1"/>
      <BuildNr Value="83"/>
      <StringTable Comments="App by Morar" CompanyName="Morar Zivica personal" FileDescription="Medical software" InternalName="Emis" LegalCopyright="Morar Zivica personal(Exdatis)" LegalTrademarks="exdatis@users.sourceforge.net" OriginalFilename="emisGeneral" ProductName="Emis" ProductVersion="5.3"/>
    </VersionInfo>
    <BuildModes Count="1">
      <Item1 Name="Default" Default="True"/>
    </BuildModes>
    <PublishOptions>
      <Version Value="2"/>
    </PublishOptions>
    <RunParams>
      <local>
        <FormatVersion Value="1"/>
      </local>
    </RunParams>
    <RequiredPackages Count="5">
      <Item1>
        <PackageName Value="FCL"/>
      </Item1>
      <Item2>
        <PackageName Value="LazControls"/>
      </Item2>
      <Item3>
        <PackageName Value="bgracontrols"/>
      </Item3>
      <Item4>
        <PackageName Value="zcomponent"/>
      </Item4>
      <Item5>
        <PackageName Value="LCL"/>
      </Item5>
    </RequiredPackages>
    <Units Count="41">
      <Unit0>
        <Filename Value="emisGeneral.lpr"/>
        <IsPartOfProject Value="True"/>
      </Unit0>
      <Unit1>
        <Filename Value="udmodule.pp"/>
        <IsPartOfProject Value="True"/>
        <ComponentName Value="dModule"/>
        <HasResources Value="True"/>
        <ResourceBaseClass Value="DataModule"/>
        <UnitName Value="uDModule"/>
      </Unit1>
      <Unit2>
        <Filename Value="..\common\ubasedbform.pp"/>
        <IsPartOfProject Value="True"/>
        <ComponentName Value="baseDbForm"/>
        <HasResources Value="True"/>
        <ResourceBaseClass Value="Form"/>
        <UnitName Value="uBaseDbForm"/>
      </Unit2>
      <Unit3>
        <Filename Value="ugeneral.pp"/>
        <IsPartOfProject Value="True"/>
        <ComponentName Value="frmGeneral"/>
        <HasResources Value="True"/>
        <ResourceBaseClass Value="Form"/>
        <UnitName Value="uGeneral"/>
      </Unit3>
      <Unit4>
        <Filename Value="..\dialogs\uconfirm.pp"/>
        <IsPartOfProject Value="True"/>
        <ComponentName Value="dlgConfirm"/>
        <HasResources Value="True"/>
        <ResourceBaseClass Value="Form"/>
      </Unit4>
      <Unit5>
        <Filename Value="locations\ulocation.pp"/>
        <IsPartOfProject Value="True"/>
        <ComponentName Value="frmLocation"/>
        <HasResources Value="True"/>
        <ResourceBaseClass Value="Form"/>
        <UnitName Value="uLocation"/>
      </Unit5>
      <Unit6>
        <Filename Value="docs\udocwarehousein.pp"/>
        <IsPartOfProject Value="True"/>
        <ComponentName Value="frmDocWarehouseIn"/>
        <HasResources Value="True"/>
        <ResourceBaseClass Value="Form"/>
      </Unit6>
      <Unit7>
        <Filename Value="docs\udocwarehouseout.pp"/>
        <IsPartOfProject Value="True"/>
        <ComponentName Value="frmDocWarehouseOut"/>
        <HasResources Value="True"/>
        <ResourceBaseClass Value="Form"/>
      </Unit7>
      <Unit8>
        <Filename Value="docs\udocsoinput.pp"/>
        <IsPartOfProject Value="True"/>
        <ComponentName Value="frmDocSOInput"/>
        <HasResources Value="True"/>
        <ResourceBaseClass Value="Form"/>
      </Unit8>
      <Unit9>
        <Filename Value="docs\udocsooutput.pp"/>
        <IsPartOfProject Value="True"/>
        <ComponentName Value="frmDocSOOutput"/>
        <HasResources Value="True"/>
        <ResourceBaseClass Value="Form"/>
      </Unit9>
      <Unit10>
        <Filename Value="docs\udocbuying.pp"/>
        <IsPartOfProject Value="True"/>
        <ComponentName Value="frmDocBuying"/>
        <HasResources Value="True"/>
        <ResourceBaseClass Value="Form"/>
      </Unit10>
      <Unit11>
        <Filename Value="docs\udocsell.pp"/>
        <IsPartOfProject Value="True"/>
        <ComponentName Value="frmDocSell"/>
        <HasResources Value="True"/>
        <ResourceBaseClass Value="Form"/>
      </Unit11>
      <Unit12>
        <Filename Value="docs\udoccontract.pp"/>
        <IsPartOfProject Value="True"/>
        <ComponentName Value="frmDocContract"/>
        <HasResources Value="True"/>
        <ResourceBaseClass Value="Form"/>
      </Unit12>
      <Unit13>
        <Filename Value="measure\umeasure.pp"/>
        <IsPartOfProject Value="True"/>
        <ComponentName Value="frmMeasure"/>
        <HasResources Value="True"/>
        <ResourceBaseClass Value="Form"/>
        <UnitName Value="uMeasure"/>
      </Unit13>
      <Unit14>
        <Filename Value="drug\udrugforms.pp"/>
        <IsPartOfProject Value="True"/>
        <ComponentName Value="frmDrugForms"/>
        <HasResources Value="True"/>
        <ResourceBaseClass Value="Form"/>
      </Unit14>
      <Unit15>
        <Filename Value="docs\udocmedicalinput.pp"/>
        <IsPartOfProject Value="True"/>
        <ComponentName Value="frmDocMedicalInput"/>
        <HasResources Value="True"/>
        <ResourceBaseClass Value="Form"/>
      </Unit15>
      <Unit16>
        <Filename Value="docs\udocmedicaloutput.pp"/>
        <IsPartOfProject Value="True"/>
        <ComponentName Value="frmDocMedicalOutput"/>
        <HasResources Value="True"/>
        <ResourceBaseClass Value="Form"/>
      </Unit16>
      <Unit17>
        <Filename Value="docs\udocmedicalorders.pp"/>
        <IsPartOfProject Value="True"/>
        <ComponentName Value="frmDocMedicalOrders"/>
        <HasResources Value="True"/>
        <ResourceBaseClass Value="Form"/>
      </Unit17>
      <Unit18>
        <Filename Value="docs\udoclab.pp"/>
        <IsPartOfProject Value="True"/>
        <ComponentName Value="frmDocLab"/>
        <HasResources Value="True"/>
        <ResourceBaseClass Value="Form"/>
        <UnitName Value="uDocLab"/>
      </Unit18>
      <Unit19>
        <Filename Value="docs\udocpayment.pp"/>
        <IsPartOfProject Value="True"/>
        <ComponentName Value="frmDocPayment"/>
        <HasResources Value="True"/>
        <ResourceBaseClass Value="Form"/>
      </Unit19>
      <Unit20>
        <Filename Value="docs\udocoutgoings.pp"/>
        <IsPartOfProject Value="True"/>
        <ComponentName Value="frmDocOutgoings"/>
        <HasResources Value="True"/>
        <ResourceBaseClass Value="Form"/>
      </Unit20>
      <Unit21>
        <Filename Value="docs\udocfinance.pp"/>
        <IsPartOfProject Value="True"/>
        <ComponentName Value="frmDocFinance"/>
        <HasResources Value="True"/>
        <ResourceBaseClass Value="Form"/>
      </Unit21>
      <Unit22>
        <Filename Value="docs\udocrequisition.pp"/>
        <IsPartOfProject Value="True"/>
        <ComponentName Value="frmDocRequisition"/>
        <HasResources Value="True"/>
        <ResourceBaseClass Value="Form"/>
      </Unit22>
      <Unit23>
        <Filename Value="docs\udocreservation.pp"/>
        <IsPartOfProject Value="True"/>
        <ComponentName Value="frmDocReservation"/>
        <HasResources Value="True"/>
        <ResourceBaseClass Value="Form"/>
        <UnitName Value="uDocReservation"/>
      </Unit23>
      <Unit24>
        <Filename Value="taxes\utaxes.pp"/>
        <IsPartOfProject Value="True"/>
        <ComponentName Value="frmTaxes"/>
        <HasResources Value="True"/>
        <ResourceBaseClass Value="Form"/>
        <UnitName Value="uTaxes"/>
      </Unit24>
      <Unit25>
        <Filename Value="partners\usuppliers.pp"/>
        <IsPartOfProject Value="True"/>
        <ComponentName Value="frmSuppliers"/>
        <HasResources Value="True"/>
        <ResourceBaseClass Value="Form"/>
        <UnitName Value="uSuppliers"/>
      </Unit25>
      <Unit26>
        <Filename Value="partners\udonors.pp"/>
        <IsPartOfProject Value="True"/>
        <ComponentName Value="frmDonors"/>
        <HasResources Value="True"/>
        <ResourceBaseClass Value="Form"/>
        <UnitName Value="uDonors"/>
      </Unit26>
      <Unit27>
        <Filename Value="drug\udrugnomenclatures.pp"/>
        <IsPartOfProject Value="True"/>
        <ComponentName Value="frmDrugNomenclatures"/>
        <HasResources Value="True"/>
        <ResourceBaseClass Value="Form"/>
        <UnitName Value="uDrugNomenclatures"/>
      </Unit27>
      <Unit28>
        <Filename Value="drug\ugenerics.pp"/>
        <IsPartOfProject Value="True"/>
        <ComponentName Value="frmGenerics"/>
        <HasResources Value="True"/>
        <ResourceBaseClass Value="Form"/>
        <UnitName Value="uGenerics"/>
      </Unit28>
      <Unit29>
        <Filename Value="drug\upropertiesofdrug.pp"/>
        <IsPartOfProject Value="True"/>
        <ComponentName Value="frmPropertiesOfDrug"/>
        <HasResources Value="True"/>
        <ResourceBaseClass Value="Form"/>
        <UnitName Value="uPropertiesOfDrug"/>
      </Unit29>
      <Unit30>
        <Filename Value="drug\udruggroups.pp"/>
        <IsPartOfProject Value="True"/>
        <ComponentName Value="frmDrugGroups"/>
        <HasResources Value="True"/>
        <ResourceBaseClass Value="Form"/>
        <UnitName Value="uDrugGroups"/>
      </Unit30>
      <Unit31>
        <Filename Value="drug\udrugs.pp"/>
        <IsPartOfProject Value="True"/>
        <ComponentName Value="frmDrugs"/>
        <HasResources Value="True"/>
        <ResourceBaseClass Value="Form"/>
        <UnitName Value="uDrugs"/>
      </Unit31>
      <Unit32>
        <Filename Value="pharmMaterial\upharmacymaterialgroup.pp"/>
        <IsPartOfProject Value="True"/>
        <ComponentName Value="frmPharmacyMaterialGroup"/>
        <HasResources Value="True"/>
        <ResourceBaseClass Value="Form"/>
        <UnitName Value="uPharmacyMaterialGroup"/>
      </Unit32>
      <Unit33>
        <Filename Value="pharmMaterial\upropertiesofphmaterial.pp"/>
        <IsPartOfProject Value="True"/>
        <ComponentName Value="frmPropertiesOfPHMaterial"/>
        <HasResources Value="True"/>
        <ResourceBaseClass Value="Form"/>
        <UnitName Value="uPropertiesOfPHMaterial"/>
      </Unit33>
      <Unit34>
        <Filename Value="pharmMaterial\upharmacymaterial.pp"/>
        <IsPartOfProject Value="True"/>
        <ComponentName Value="frmPharmacyMaterial"/>
        <HasResources Value="True"/>
        <ResourceBaseClass Value="Form"/>
        <UnitName Value="uPharmacyMaterial"/>
      </Unit34>
      <Unit35>
        <Filename Value="appliances\upropertiesofappliances.pp"/>
        <IsPartOfProject Value="True"/>
        <ComponentName Value="frmPropertiesOfAppliances"/>
        <HasResources Value="True"/>
        <ResourceBaseClass Value="Form"/>
        <UnitName Value="uPropertiesOfAppliances"/>
      </Unit35>
      <Unit36>
        <Filename Value="appliances\uappliancesgroup.pp"/>
        <IsPartOfProject Value="True"/>
        <ComponentName Value="frmAppliancesGroup"/>
        <HasResources Value="True"/>
        <ResourceBaseClass Value="Form"/>
        <UnitName Value="uAppliancesGroup"/>
      </Unit36>
      <Unit37>
        <Filename Value="appliances\umedicineappliances.pp"/>
        <IsPartOfProject Value="True"/>
        <ComponentName Value="frmMedicineAppliances"/>
        <HasResources Value="True"/>
        <ResourceBaseClass Value="Form"/>
        <UnitName Value="uMedicineAppliances"/>
      </Unit37>
      <Unit38>
        <Filename Value="equipment\uhequipmentgroup.pp"/>
        <IsPartOfProject Value="True"/>
        <ComponentName Value="frmHEquipmentGroup"/>
        <HasResources Value="True"/>
        <ResourceBaseClass Value="Form"/>
        <UnitName Value="uHEquipmentGroup"/>
      </Unit38>
      <Unit39>
        <Filename Value="equipment\upropertiesofhequipment.pp"/>
        <IsPartOfProject Value="True"/>
        <ComponentName Value="frmPropertiesOfHEquipment"/>
        <HasResources Value="True"/>
        <ResourceBaseClass Value="Form"/>
        <UnitName Value="uPropertiesOfHEquipment"/>
      </Unit39>
      <Unit40>
        <Filename Value="equipment\uhospitalequipment.pp"/>
        <IsPartOfProject Value="True"/>
        <ComponentName Value="frmHospitalEquipment"/>
        <HasResources Value="True"/>
        <ResourceBaseClass Value="Form"/>
        <UnitName Value="uHospitalEquipment"/>
      </Unit40>
    </Units>
  </ProjectOptions>
  <CompilerOptions>
    <Version Value="11"/>
    <PathDelim Value="\"/>
    <Target>
      <Filename Value="emisGeneral"/>
    </Target>
    <SearchPaths>
      <IncludeFiles Value="$(ProjOutDir)"/>
      <OtherUnitFiles Value="..\common;..\dialogs;locations;docs;measure;drug;taxes;partners;pharmMaterial;appliances;equipment"/>
      <UnitOutputDirectory Value="lib\$(TargetCPU)-$(TargetOS)"/>
    </SearchPaths>
    <Linking>
      <Options>
        <Win32>
          <GraphicApplication Value="True"/>
        </Win32>
      </Options>
    </Linking>
  </CompilerOptions>
  <Debugging>
    <Exceptions Count="3">
      <Item1>
        <Name Value="EAbort"/>
      </Item1>
      <Item2>
        <Name Value="ECodetoolError"/>
      </Item2>
      <Item3>
        <Name Value="EFOpenError"/>
      </Item3>
    </Exceptions>
  </Debugging>
</CONFIG>
