<?xml version="1.0" encoding="UTF-8"?>
<CONFIG>
  <ProjectOptions>
    <Version Value="9"/>
    <General>
      <SessionStorage Value="InProjectDir"/>
      <MainUnit Value="0"/>
      <Title Value="ExDatis"/>
      <ResourceType Value="res"/>
      <UseXPManifest Value="True"/>
      <Icon Value="0"/>
    </General>
    <i18n>
      <EnableI18N LFM="False"/>
    </i18n>
    <VersionInfo>
      <UseVersionInfo Value="True"/>
      <AutoIncrementBuild Value="True"/>
      <MajorVersionNr Value="1"/>
      <MinorVersionNr Value="3"/>
      <BuildNr Value="13"/>
      <StringTable Comments="App by Morar" CompanyName="Morar(exdatis) self" FileDescription="Simple app admin" InternalName="admin" LegalCopyright="exdatis personal" LegalTrademarks="Morar" OriginalFilename="admin" ProductName="admin" ProductVersion="1.3"/>
    </VersionInfo>
    <BuildModes Count="1">
      <Item1 Name="Default" Default="True"/>
    </BuildModes>
    <PublishOptions>
      <Version Value="2"/>
    </PublishOptions>
    <RunParams>
      <local>
        <FormatVersion Value="1"/>
      </local>
    </RunParams>
    <RequiredPackages Count="6">
      <Item1>
        <PackageName Value="DateTimeCtrls"/>
      </Item1>
      <Item2>
        <PackageName Value="FCL"/>
      </Item2>
      <Item3>
        <PackageName Value="zcomponent"/>
      </Item3>
      <Item4>
        <PackageName Value="LazControls"/>
      </Item4>
      <Item5>
        <PackageName Value="bgracontrols"/>
      </Item5>
      <Item6>
        <PackageName Value="LCL"/>
      </Item6>
    </RequiredPackages>
    <Units Count="9">
      <Unit0>
        <Filename Value="admin.lpr"/>
        <IsPartOfProject Value="True"/>
      </Unit0>
      <Unit1>
        <Filename Value="uadmin.pp"/>
        <IsPartOfProject Value="True"/>
        <ComponentName Value="frmAdmin"/>
        <HasResources Value="True"/>
        <ResourceBaseClass Value="Form"/>
        <UnitName Value="uAdmin"/>
      </Unit1>
      <Unit2>
        <Filename Value="udmodule.pp"/>
        <IsPartOfProject Value="True"/>
        <ComponentName Value="dModule"/>
        <HasResources Value="True"/>
        <ResourceBaseClass Value="DataModule"/>
        <UnitName Value="uDModule"/>
      </Unit2>
      <Unit3>
        <Filename Value="uexdatis.pp"/>
        <IsPartOfProject Value="True"/>
        <UnitName Value="uExDatis"/>
      </Unit3>
      <Unit4>
        <Filename Value="../common/ubasedbform.pp"/>
        <IsPartOfProject Value="True"/>
        <ComponentName Value="baseDbForm"/>
        <HasResources Value="True"/>
        <ResourceBaseClass Value="Form"/>
        <UnitName Value="uBaseDbForm"/>
      </Unit4>
      <Unit5>
        <Filename Value="../dialogs/uconfirm.pp"/>
        <IsPartOfProject Value="True"/>
        <ComponentName Value="dlgConfirm"/>
        <HasResources Value="True"/>
        <ResourceBaseClass Value="Form"/>
        <UnitName Value="uConfirm"/>
      </Unit5>
      <Unit6>
        <Filename Value="module/umodule.pp"/>
        <IsPartOfProject Value="True"/>
        <ComponentName Value="frmModule"/>
        <HasResources Value="True"/>
        <ResourceBaseClass Value="Form"/>
        <UnitName Value="uModule"/>
      </Unit6>
      <Unit7>
        <Filename Value="privileges/uuserprivileges.pp"/>
        <IsPartOfProject Value="True"/>
        <ComponentName Value="frmUserPrivileges"/>
        <HasResources Value="True"/>
        <ResourceBaseClass Value="Form"/>
        <UnitName Value="uUserPrivileges"/>
      </Unit7>
      <Unit8>
        <Filename Value="../common/ureportbase.pp"/>
        <IsPartOfProject Value="True"/>
        <ComponentName Value="frmReportBase"/>
        <HasResources Value="True"/>
        <ResourceBaseClass Value="Form"/>
        <UnitName Value="uReportBase"/>
      </Unit8>
    </Units>
  </ProjectOptions>
  <CompilerOptions>
    <Version Value="11"/>
    <Target>
      <Filename Value="admin"/>
    </Target>
    <SearchPaths>
      <IncludeFiles Value="$(ProjOutDir)"/>
      <OtherUnitFiles Value="../common;../dialogs;module;privileges"/>
      <UnitOutputDirectory Value="lib/$(TargetCPU)-$(TargetOS)"/>
    </SearchPaths>
    <Linking>
      <Options>
        <Win32>
          <GraphicApplication Value="True"/>
        </Win32>
      </Options>
    </Linking>
  </CompilerOptions>
  <Debugging>
    <Exceptions Count="3">
      <Item1>
        <Name Value="EAbort"/>
      </Item1>
      <Item2>
        <Name Value="ECodetoolError"/>
      </Item2>
      <Item3>
        <Name Value="EFOpenError"/>
      </Item3>
    </Exceptions>
  </Debugging>
</CONFIG>
